PODS:
  - RxRelay (6.5.0):
    - RxSwift (= 6.5.0)
  - RxSwift (6.5.0)

DEPENDENCIES:
  - RxRelay
  - RxSwift

SPEC REPOS:
  trunk:
    - RxRelay
    - RxSwift

SPEC CHECKSUMS:
  RxRelay: 1de1523e604c72b6c68feadedd1af3b1b4d0ecbd
  RxSwift: 5710a9e6b17f3c3d6e40d6e559b9fa1e813b2ef8

PODFILE CHECKSUM: 67d06c65b30914688de4d5c8934dda9b6c8bb640

COCOAPODS: 1.12.1
